// !$*UTF8*$!
{
	archiveVersion = 1;
	classes = {
	};
	objectVersion = 50;
	objects = {

/* Begin PBXBuildFile section */
		657488772517F5FF005B8474 /* AppDelegate.swift in Sources */ = {isa = PBXBuildFile; fileRef = 657488762517F5FF005B8474 /* AppDelegate.swift */; };
		657488792517F5FF005B8474 /* SceneDelegate.swift in Sources */ = {isa = PBXBuildFile; fileRef = 657488782517F5FF005B8474 /* SceneDelegate.swift */; };
		6574887B2517F5FF005B8474 /* ViewController.swift in Sources */ = {isa = PBXBuildFile; fileRef = 6574887A2517F5FF005B8474 /* ViewController.swift */; };
		6574887E2517F5FF005B8474 /* Main.storyboard in Resources */ = {isa = PBXBuildFile; fileRef = 6574887C2517F5FF005B8474 /* Main.storyboard */; };
		657488802517F600005B8474 /* Assets.xcassets in Resources */ = {isa = PBXBuildFile; fileRef = 6574887F2517F600005B8474 /* Assets.xcassets */; };
		657488832517F600005B8474 /* LaunchScreen.storyboard in Resources */ = {isa = PBXBuildFile; fileRef = 657488812517F600005B8474 /* LaunchScreen.storyboard */; };
		6574888C2517F9C9005B8474 /* Calculadora.swift in Sources */ = {isa = PBXBuildFile; fileRef = 6574888B2517F9C9005B8474 /* Calculadora.swift */; };
/* End PBXBuildFile section */

/* Begin PBXFileReference section */
		657488732517F5FF005B8474 /* Exercicio_2.app */ = {isa = PBXFileReference; explicitFileType = wrapper.application; includeInIndex = 0; path = Exercicio_2.app; sourceTree = BUILT_PRODUCTS_DIR; };
		657488762517F5FF005B8474 /* AppDelegate.swift */ = {isa = PBXFileReference; lastKnownFileType = sourcecode.swift; path = AppDelegate.swift; sourceTree = "<group>"; };
		657488782517F5FF005B8474 /* SceneDelegate.swift */ = {isa = PBXFileReference; lastKnownFileType = sourcecode.swift; path = SceneDelegate.swift; sourceTree = "<group>"; };
		6574887A2517F5FF005B8474 /* ViewController.swift */ = {isa = PBXFileReference; lastKnownFileType = sourcecode.swift; path = ViewController.swift; sourceTree = "<group>"; };
		6574887D2517F5FF005B8474 /* Base */ = {isa = PBXFileReference; lastKnownFileType = file.storyboard; name = Base; path = Base.lproj/Main.storyboard; sourceTree = "<group>"; };
		6574887F2517F600005B8474 /* Assets.xcassets */ = {isa = PBXFileReference; lastKnownFileType = folder.assetcatalog; path = Assets.xcassets; sourceTree = "<group>"; };
		657488822517F600005B8474 /* Base */ = {isa = PBXFileReference; lastKnownFileType = file.storyboard; name = Base; path = Base.lproj/LaunchScreen.storyboard; sourceTree = "<group>"; };
		657488842517F600005B8474 /* Info.plist */ = {isa = PBXFileReference; lastKnownFileType = text.plist.xml; path = Info.plist; sourceTree = "<group>"; };
		6574888B2517F9C9005B8474 /* Calculadora.swift */ = {isa = PBXFileReference; lastKnownFileType = sourcecode.swift; path = Calculadora.swift; sourceTree = "<group>"; };
/* End PBXFileReference section */

/* Begin PBXFrameworksBuildPhase section */
		657488702517F5FF005B8474 /* Frameworks */ = {
			isa = PBXFrameworksBuildPhase;
			buildActionMask = 2147483647;
			files = (
			);
			runOnlyForDeploymentPostprocessing = 0;
		};
/* End PBXFrameworksBuildPhase section */

/* Begin PBXGroup section */
		6574886A2517F5FF005B8474 = {
			isa = PBXGroup;
			children = (
				657488752517F5FF005B8474 /* Exercicio_2 */,
				657488742517F5FF005B8474 /* Products */,
			);
			sourceTree = "<group>";
		};
		657488742517F5FF005B8474 /* Products */ = {
			isa = PBXGroup;
			children = (
				657488732517F5FF005B8474 /* Exercicio_2.app */,
			);
			name = Products;
			sourceTree = "<group>";
		};
		657488752517F5FF005B8474 /* Exercicio_2 */ = {
			isa = PBXGroup;
			children = (
				657488762517F5FF005B8474 /* AppDelegate.swift */,
				657488782517F5FF005B8474 /* SceneDelegate.swift */,
				6574887A2517F5FF005B8474 /* ViewController.swift */,
				6574887C2517F5FF005B8474 /* Main.storyboard */,
				6574887F2517F600005B8474 /* Assets.xcassets */,
				657488812517F600005B8474 /* LaunchScreen.storyboard */,
				657488842517F600005B8474 /* Info.plist */,
				6574888B2517F9C9005B8474 /* Calculadora.swift */,
			);
			path = Exercicio_2;
			sourceTree = "<group>";
		};
/* End PBXGroup section */

/* Begin PBXNativeTarget section */
		657488722517F5FF005B8474 /* Exercicio_2 */ = {
			isa = PBXNativeTarget;
			buildConfigurationList = 657488872517F600005B8474 /* Build configuration list for PBXNativeTarget "Exercicio_2" */;
			buildPhases = (
				6574886F2517F5FF005B8474 /* Sources */,
				657488702517F5FF005B8474 /* Frameworks */,
				657488712517F5FF005B8474 /* Resources */,
			);
			buildRules = (
			);
			dependencies = (
			);
			name = Exercicio_2;
			productName = Exercicio_2;
			productReference = 657488732517F5FF005B8474 /* Exercicio_2.app */;
			productType = "com.apple.product-type.application";
		};
/* End PBXNativeTarget section */

/* Begin PBXProject section */
		6574886B2517F5FF005B8474 /* Project object */ = {
			isa = PBXProject;
			attributes = {
				LastSwiftUpdateCheck = 1200;
				LastUpgradeCheck = 1200;
				TargetAttributes = {
					657488722517F5FF005B8474 = {
						CreatedOnToolsVersion = 12.0;
					};
				};
			};
			buildConfigurationList = 6574886E2517F5FF005B8474 /* Build configuration list for PBXProject "Exercicio_2" */;
			compatibilityVersion = "Xcode 9.3";
			developmentRegion = en;
			hasScannedForEncodings = 0;
			knownRegions = (
				en,
				Base,
			);
			mainGroup = 6574886A2517F5FF005B8474;
			productRefGroup = 657488742517F5FF005B8474 /* Products */;
			projectDirPath = "";
			projectRoot = "";
			targets = (
				657488722517F5FF005B8474 /* Exercicio_2 */,
			);
		};
/* End PBXProject section */

/* Begin PBXResourcesBuildPhase section */
		657488712517F5FF005B8474 /* Resources */ = {
			isa = PBXResourcesBuildPhase;
			buildActionMask = 2147483647;
			files = (
				657488832517F600005B8474 /* LaunchScreen.storyboard in Resources */,
				657488802517F600005B8474 /* Assets.xcassets in Resources */,
				6574887E2517F5FF005B8474 /* Main.storyboard in Resources */,
			);
			runOnlyForDeploymentPostprocessing = 0;
		};
/* End PBXResourcesBuildPhase section */

/* Begin PBXSourcesBuildPhase section */
		6574886F2517F5FF005B8474 /* Sources */ = {
			isa = PBXSourcesBuildPhase;
			buildActionMask = 2147483647;
			files = (
				6574887B2517F5FF005B8474 /* ViewController.swift in Sources */,
				657488772517F5FF005B8474 /* AppDelegate.swift in Sources */,
				657488792517F5FF005B8474 /* SceneDelegate.swift in Sources */,
				6574888C2517F9C9005B8474 /* Calculadora.swift in Sources */,
			);
			runOnlyForDeploymentPostprocessing = 0;
		};
/* End PBXSourcesBuildPhase section */

/* Begin PBXVariantGroup section */
		6574887C2517F5FF005B8474 /* Main.storyboard */ = {
			isa = PBXVariantGroup;
			children = (
				6574887D2517F5FF005B8474 /* Base */,
			);
			name = Main.storyboard;
			sourceTree = "<group>";
		};
		657488812517F600005B8474 /* LaunchScreen.storyboard */ = {
			isa = PBXVariantGroup;
			children = (
				657488822517F600005B8474 /* Base */,
			);
			name = LaunchScreen.storyboard;
			sourceTree = "<group>";
		};
/* End PBXVariantGroup section */

/* Begin XCBuildConfiguration section */
		657488852517F600005B8474 /* Debug */ = {
			isa = XCBuildConfiguration;
			buildSettings = {
				ALWAYS_SEARCH_USER_PATHS = NO;
				CLANG_ANALYZER_NONNULL = YES;
				CLANG_ANALYZER_NUMBER_OBJECT_CONVERSION = YES_AGGRESSIVE;
				CLANG_CXX_LANGUAGE_STANDARD = "gnu++14";
				CLANG_CXX_LIBRARY = "libc++";
				CLANG_ENABLE_MODULES = YES;
				CLANG_ENABLE_OBJC_ARC = YES;
				CLANG_ENABLE_OBJC_WEAK = YES;
				CLANG_WARN_BLOCK_CAPTURE_AUTORELEASING = YES;
				CLANG_WARN_BOOL_CONVERSION = YES;
				CLANG_WARN_COMMA = YES;
				CLANG_WARN_CONSTANT_CONVERSION = YES;
				CLANG_WARN_DEPRECATED_OBJC_IMPLEMENTATIONS = YES;
				CLANG_WARN_DIRECT_OBJC_ISA_USAGE = YES_ERROR;
				CLANG_WARN_DOCUMENTATION_COMMENTS = YES;
				CLANG_WARN_EMPTY_BODY = YES;
				CLANG_WARN_ENUM_CONVERSION = YES;
				CLANG_WARN_INFINITE_RECURSION = YES;
				CLANG_WARN_INT_CONVERSION = YES;
				CLANG_WARN_NON_LITERAL_NULL_CONVERSION = YES;
				CLANG_WARN_OBJC_IMPLICIT_RETAIN_SELF = YES;
				CLANG_WARN_OBJC_LITERAL_CONVERSION = YES;
				CLANG_WARN_OBJC_ROOT_CLASS = YES_ERROR;
				CLANG_WARN_QUOTED_INCLUDE_IN_FRAMEWORK_HEADER = YES;
				CLANG_WARN_RANGE_LOOP_ANALYSIS = YES;
				CLANG_WARN_STRICT_PROTOTYPES = YES;
				CLANG_WARN_SUSPICIOUS_MOVE = YES;
				CLANG_WARN_UNGUARDED_AVAILABILITY = YES_AGGRESSIVE;
				CLANG_WARN_UNREACHABLE_CODE = YES;
				CLANG_WARN__DUPLICATE_METHOD_MATCH = YES;
				COPY_PHASE_STRIP = NO;
				DEBUG_INFORMATION_FORMAT = dwarf;
				ENABLE_STRICT_OBJC_MSGSEND = YES;
				ENABLE_TESTABILITY = YES;
				GCC_C_LANGUAGE_STANDARD = gnu11;
				GCC_DYNAMIC_NO_PIC = NO;
				GCC_NO_COMMON_BLOCKS = YES;
				GCC_OPTIMIZATION_LEVEL = 0;
				GCC_PREPROCESSOR_DEFINITIONS = (
					"DEBUG=1",
					"$(inherited)",
				);
				GCC_WARN_64_TO_32_BIT_CONVERSION = YES;
				GCC_WARN_ABOUT_RETURN_TYPE = YES_ERROR;
				GCC_WARN_UNDECLARED_SELECTOR = YES;
				GCC_WARN_UNINITIALIZED_AUTOS = YES_AGGRESSIVE;
				GCC_WARN_UNUSED_FUNCTION = YES;
				GCC_WARN_UNUSED_VARIABLE = YES;
				IPHONEOS_DEPLOYMENT_TARGET = 14.0;
				MTL_ENABLE_DEBUG_INFO = INCLUDE_SOURCE;
				MTL_FAST_MATH = YES;
				ONLY_ACTIVE_ARCH = YES;
				SDKROOT = iphoneos;
				SWIFT_ACTIVE_COMPILATION_CONDITIONS = DEBUG;
				SWIFT_OPTIMIZATION_LEVEL = "-Onone";
			};
			name = Debug;
		};
		657488862517F600005B8474 /* Release */ = {
			isa = XCBuildConfiguration;
			buildSettings = {
				ALWAYS_SEARCH_USER_PATHS = NO;
				CLANG_ANALYZER_NONNULL = YES;
				CLANG_ANALYZER_NUMBER_OBJECT_CONVERSION = YES_AGGRESSIVE;
				CLANG_CXX_LANGUAGE_STANDARD = "gnu++14";
				CLANG_CXX_LIBRARY = "libc++";
				CLANG_ENABLE_MODULES = YES;
				CLANG_ENABLE_OBJC_ARC = YES;
				CLANG_ENABLE_OBJC_WEAK = YES;
				CLANG_WARN_BLOCK_CAPTURE_AUTORELEASING = YES;
				CLANG_WARN_BOOL_CONVERSION = YES;
				CLANG_WARN_COMMA = YES;
				CLANG_WARN_CONSTANT_CONVERSION = YES;
				CLANG_WARN_DEPRECATED_OBJC_IMPLEMENTATIONS = YES;
				CLANG_WARN_DIRECT_OBJC_ISA_USAGE = YES_ERROR;
				CLANG_WARN_DOCUMENTATION_COMMENTS = YES;
				CLANG_WARN_EMPTY_BODY = YES;
				CLANG_WARN_ENUM_CONVERSION = YES;
				CLANG_WARN_INFINITE_RECURSION = YES;
				CLANG_WARN_INT_CONVERSION = YES;
				CLANG_WARN_NON_LITERAL_NULL_CONVERSION = YES;
				CLANG_WARN_OBJC_IMPLICIT_RETAIN_SELF = YES;
				CLANG_WARN_OBJC_LITERAL_CONVERSION = YES;
				CLANG_WARN_OBJC_ROOT_CLASS = YES_ERROR;
				CLANG_WARN_QUOTED_INCLUDE_IN_FRAMEWORK_HEADER = YES;
				CLANG_WARN_RANGE_LOOP_ANALYSIS = YES;
				CLANG_WARN_STRICT_PROTOTYPES = YES;
				CLANG_WARN_SUSPICIOUS_MOVE = YES;
				CLANG_WARN_UNGUARDED_AVAILABILITY = YES_AGGRESSIVE;
				CLANG_WARN_UNREACHABLE_CODE = YES;
				CLANG_WARN__DUPLICATE_METHOD_MATCH = YES;
				COPY_PHASE_STRIP = NO;
				DEBUG_INFORMATION_FORMAT = "dwarf-with-dsym";
				ENABLE_NS_ASSERTIONS = NO;
				ENABLE_STRICT_OBJC_MSGSEND = YES;
				GCC_C_LANGUAGE_STANDARD = gnu11;
				GCC_NO_COMMON_BLOCKS = YES;
				GCC_WARN_64_TO_32_BIT_CONVERSION = YES;
				GCC_WARN_ABOUT_RETURN_TYPE = YES_ERROR;
				GCC_WARN_UNDECLARED_SELECTOR = YES;
				GCC_WARN_UNINITIALIZED_AUTOS = YES_AGGRESSIVE;
				GCC_WARN_UNUSED_FUNCTION = YES;
				GCC_WARN_UNUSED_VARIABLE = YES;
				IPHONEOS_DEPLOYMENT_TARGET = 14.0;
				MTL_ENABLE_DEBUG_INFO = NO;
				MTL_FAST_MATH = YES;
				SDKROOT = iphoneos;
				SWIFT_COMPILATION_MODE = wholemodule;
				SWIFT_OPTIMIZATION_LEVEL = "-O";
				VALIDATE_PRODUCT = YES;
			};
			name = Release;
		};
		657488882517F600005B8474 /* Debug */ = {
			isa = XCBuildConfiguration;
			buildSettings = {
				ASSETCATALOG_COMPILER_APPICON_NAME = AppIcon;
				ASSETCATALOG_COMPILER_GLOBAL_ACCENT_COLOR_NAME = AccentColor;
				CODE_SIGN_STYLE = Automatic;
				DEVELOPMENT_TEAM = FLA2WGBH99;
				INFOPLIST_FILE = Exercicio_2/Info.plist;
				LD_RUNPATH_SEARCH_PATHS = (
					"$(inherited)",
					"@executable_path/Frameworks",
				);
				PRODUCT_BUNDLE_IDENTIFIER = "com.don.Exercicio-2";
				PRODUCT_NAME = "$(TARGET_NAME)";
				SWIFT_VERSION = 5.0;
				TARGETED_DEVICE_FAMILY = "1,2";
			};
			name = Debug;
		};
		657488892517F600005B8474 /* Release */ = {
			isa = XCBuildConfiguration;
			buildSettings = {
				ASSETCATALOG_COMPILER_APPICON_NAME = AppIcon;
				ASSETCATALOG_COMPILER_GLOBAL_ACCENT_COLOR_NAME = AccentColor;
				CODE_SIGN_STYLE = Automatic;
				DEVELOPMENT_TEAM = FLA2WGBH99;
				INFOPLIST_FILE = Exercicio_2/Info.plist;
				LD_RUNPATH_SEARCH_PATHS = (
					"$(inherited)",
					"@executable_path/Frameworks",
				);
				PRODUCT_BUNDLE_IDENTIFIER = "com.don.Exercicio-2";
				PRODUCT_NAME = "$(TARGET_NAME)";
				SWIFT_VERSION = 5.0;
				TARGETED_DEVICE_FAMILY = "1,2";
			};
			name = Release;
		};
/* End XCBuildConfiguration section */

/* Begin XCConfigurationList section */
		6574886E2517F5FF005B8474 /* Build configuration list for PBXProject "Exercicio_2" */ = {
			isa = XCConfigurationList;
			buildConfigurations = (
				657488852517F600005B8474 /* Debug */,
				657488862517F600005B8474 /* Release */,
			);
			defaultConfigurationIsVisible = 0;
			defaultConfigurationName = Release;
		};
		657488872517F600005B8474 /* Build configuration list for PBXNativeTarget "Exercicio_2" */ = {
			isa = XCConfigurationList;
			buildConfigurations = (
				657488882517F600005B8474 /* Debug */,
				657488892517F600005B8474 /* Release */,
			);
			defaultConfigurationIsVisible = 0;
			defaultConfigurationName = Release;
		};
/* End XCConfigurationList section */
	};
	rootObject = 6574886B2517F5FF005B8474 /* Project object */;
}
